// !$*UTF8*$!
{
	archiveVersion = 1;
	classes = {
	};
	objectVersion = 46;
	objects = {

/* Begin PBXBuildFile section */
		6564A2B818EB13E9004038FF /* STTimeController.m in Sources */ = {isa = PBXBuildFile; fileRef = 6564A2B718EB13E9004038FF /* STTimeController.m */; };
		6564A2BB18EB1C7A004038FF /* STCustomTVC.m in Sources */ = {isa = PBXBuildFile; fileRef = 6564A2BA18EB1C7A004038FF /* STCustomTVC.m */; };
		6564A2BE18EB1E9D004038FF /* STTimeModel.m in Sources */ = {isa = PBXBuildFile; fileRef = 6564A2BD18EB1E9D004038FF /* STTimeModel.m */; };
		6564A2C518EB8072004038FF /* STTimeCell.m in Sources */ = {isa = PBXBuildFile; fileRef = 6564A2C418EB8072004038FF /* STTimeCell.m */; };
		65F2022818EAF6CA007D42B3 /* Foundation.framework in Frameworks */ = {isa = PBXBuildFile; fileRef = 65F2022718EAF6CA007D42B3 /* Foundation.framework */; };
		65F2022A18EAF6CA007D42B3 /* CoreGraphics.framework in Frameworks */ = {isa = PBXBuildFile; fileRef = 65F2022918EAF6CA007D42B3 /* CoreGraphics.framework */; };
		65F2022C18EAF6CA007D42B3 /* UIKit.framework in Frameworks */ = {isa = PBXBuildFile; fileRef = 65F2022B18EAF6CA007D42B3 /* UIKit.framework */; };
		65F2023218EAF6CA007D42B3 /* InfoPlist.strings in Resources */ = {isa = PBXBuildFile; fileRef = 65F2023018EAF6CA007D42B3 /* InfoPlist.strings */; };
		65F2023418EAF6CA007D42B3 /* main.m in Sources */ = {isa = PBXBuildFile; fileRef = 65F2023318EAF6CA007D42B3 /* main.m */; };
		65F2023818EAF6CA007D42B3 /* STAppDelegate.m in Sources */ = {isa = PBXBuildFile; fileRef = 65F2023718EAF6CA007D42B3 /* STAppDelegate.m */; };
		65F2023B18EAF6CA007D42B3 /* Main.storyboard in Resources */ = {isa = PBXBuildFile; fileRef = 65F2023918EAF6CA007D42B3 /* Main.storyboard */; };
		65F2023E18EAF6CA007D42B3 /* STViewController.m in Sources */ = {isa = PBXBuildFile; fileRef = 65F2023D18EAF6CA007D42B3 /* STViewController.m */; };
		65F2024018EAF6CA007D42B3 /* Images.xcassets in Resources */ = {isa = PBXBuildFile; fileRef = 65F2023F18EAF6CA007D42B3 /* Images.xcassets */; };
		65F2024718EAF6CA007D42B3 /* XCTest.framework in Frameworks */ = {isa = PBXBuildFile; fileRef = 65F2024618EAF6CA007D42B3 /* XCTest.framework */; };
		65F2024818EAF6CA007D42B3 /* Foundation.framework in Frameworks */ = {isa = PBXBuildFile; fileRef = 65F2022718EAF6CA007D42B3 /* Foundation.framework */; };
		65F2024918EAF6CA007D42B3 /* UIKit.framework in Frameworks */ = {isa = PBXBuildFile; fileRef = 65F2022B18EAF6CA007D42B3 /* UIKit.framework */; };
		65F2025118EAF6CA007D42B3 /* InfoPlist.strings in Resources */ = {isa = PBXBuildFile; fileRef = 65F2024F18EAF6CA007D42B3 /* InfoPlist.strings */; };
		65F2025318EAF6CA007D42B3 /* SleepyTimeTests.m in Sources */ = {isa = PBXBuildFile; fileRef = 65F2025218EAF6CA007D42B3 /* SleepyTimeTests.m */; };
		65FCA98D18EF586500B63B04 /* PTRegular.ttf in Resources */ = {isa = PBXBuildFile; fileRef = 65FCA98918EF586500B63B04 /* PTRegular.ttf */; };
		65FCA98E18EF586500B63B04 /* PTRegularBold.ttf in Resources */ = {isa = PBXBuildFile; fileRef = 65FCA98A18EF586500B63B04 /* PTRegularBold.ttf */; };
		65FCA98F18EF586500B63B04 /* PTRegularBoldItalic.ttf in Resources */ = {isa = PBXBuildFile; fileRef = 65FCA98B18EF586500B63B04 /* PTRegularBoldItalic.ttf */; };
		65FCA99018EF586500B63B04 /* PTRegularItalic.ttf in Resources */ = {isa = PBXBuildFile; fileRef = 65FCA98C18EF586500B63B04 /* PTRegularItalic.ttf */; };
/* End PBXBuildFile section */

/* Begin PBXContainerItemProxy section */
		65F2024A18EAF6CA007D42B3 /* PBXContainerItemProxy */ = {
			isa = PBXContainerItemProxy;
			containerPortal = 65F2021C18EAF6CA007D42B3 /* Project object */;
			proxyType = 1;
			remoteGlobalIDString = 65F2022318EAF6CA007D42B3;
			remoteInfo = SleepyTime;
		};
/* End PBXContainerItemProxy section */

/* Begin PBXFileReference section */
		6564A2B618EB13E9004038FF /* STTimeController.h */ = {isa = PBXFileReference; fileEncoding = 4; lastKnownFileType = sourcecode.c.h; path = STTimeController.h; sourceTree = "<group>"; };
		6564A2B718EB13E9004038FF /* STTimeController.m */ = {isa = PBXFileReference; fileEncoding = 4; lastKnownFileType = sourcecode.c.objc; path = STTimeController.m; sourceTree = "<group>"; };
		6564A2B918EB1C7A004038FF /* STCustomTVC.h */ = {isa = PBXFileReference; fileEncoding = 4; lastKnownFileType = sourcecode.c.h; path = STCustomTVC.h; sourceTree = "<group>"; };
		6564A2BA18EB1C7A004038FF /* STCustomTVC.m */ = {isa = PBXFileReference; fileEncoding = 4; lastKnownFileType = sourcecode.c.objc; path = STCustomTVC.m; sourceTree = "<group>"; };
		6564A2BC18EB1E9D004038FF /* STTimeModel.h */ = {isa = PBXFileReference; fileEncoding = 4; lastKnownFileType = sourcecode.c.h; path = STTimeModel.h; sourceTree = "<group>"; };
		6564A2BD18EB1E9D004038FF /* STTimeModel.m */ = {isa = PBXFileReference; fileEncoding = 4; lastKnownFileType = sourcecode.c.objc; path = STTimeModel.m; sourceTree = "<group>"; };
		6564A2C318EB8072004038FF /* STTimeCell.h */ = {isa = PBXFileReference; fileEncoding = 4; lastKnownFileType = sourcecode.c.h; path = STTimeCell.h; sourceTree = "<group>"; };
		6564A2C418EB8072004038FF /* STTimeCell.m */ = {isa = PBXFileReference; fileEncoding = 4; lastKnownFileType = sourcecode.c.objc; path = STTimeCell.m; sourceTree = "<group>"; };
		65F2022418EAF6CA007D42B3 /* SleepyTime.app */ = {isa = PBXFileReference; explicitFileType = wrapper.application; includeInIndex = 0; path = SleepyTime.app; sourceTree = BUILT_PRODUCTS_DIR; };
		65F2022718EAF6CA007D42B3 /* Foundation.framework */ = {isa = PBXFileReference; lastKnownFileType = wrapper.framework; name = Foundation.framework; path = System/Library/Frameworks/Foundation.framework; sourceTree = SDKROOT; };
		65F2022918EAF6CA007D42B3 /* CoreGraphics.framework */ = {isa = PBXFileReference; lastKnownFileType = wrapper.framework; name = CoreGraphics.framework; path = System/Library/Frameworks/CoreGraphics.framework; sourceTree = SDKROOT; };
		65F2022B18EAF6CA007D42B3 /* UIKit.framework */ = {isa = PBXFileReference; lastKnownFileType = wrapper.framework; name = UIKit.framework; path = System/Library/Frameworks/UIKit.framework; sourceTree = SDKROOT; };
		65F2022F18EAF6CA007D42B3 /* SleepyTime-Info.plist */ = {isa = PBXFileReference; lastKnownFileType = text.plist.xml; path = "SleepyTime-Info.plist"; sourceTree = "<group>"; };
		65F2023118EAF6CA007D42B3 /* en */ = {isa = PBXFileReference; lastKnownFileType = text.plist.strings; name = en; path = en.lproj/InfoPlist.strings; sourceTree = "<group>"; };
		65F2023318EAF6CA007D42B3 /* main.m */ = {isa = PBXFileReference; lastKnownFileType = sourcecode.c.objc; path = main.m; sourceTree = "<group>"; };
		65F2023518EAF6CA007D42B3 /* SleepyTime-Prefix.pch */ = {isa = PBXFileReference; lastKnownFileType = sourcecode.c.h; path = "SleepyTime-Prefix.pch"; sourceTree = "<group>"; };
		65F2023618EAF6CA007D42B3 /* STAppDelegate.h */ = {isa = PBXFileReference; lastKnownFileType = sourcecode.c.h; path = STAppDelegate.h; sourceTree = "<group>"; };
		65F2023718EAF6CA007D42B3 /* STAppDelegate.m */ = {isa = PBXFileReference; lastKnownFileType = sourcecode.c.objc; path = STAppDelegate.m; sourceTree = "<group>"; };
		65F2023A18EAF6CA007D42B3 /* Base */ = {isa = PBXFileReference; lastKnownFileType = file.storyboard; name = Base; path = Base.lproj/Main.storyboard; sourceTree = "<group>"; };
		65F2023C18EAF6CA007D42B3 /* STViewController.h */ = {isa = PBXFileReference; lastKnownFileType = sourcecode.c.h; path = STViewController.h; sourceTree = "<group>"; };
		65F2023D18EAF6CA007D42B3 /* STViewController.m */ = {isa = PBXFileReference; lastKnownFileType = sourcecode.c.objc; path = STViewController.m; sourceTree = "<group>"; };
		65F2023F18EAF6CA007D42B3 /* Images.xcassets */ = {isa = PBXFileReference; lastKnownFileType = folder.assetcatalog; path = Images.xcassets; sourceTree = "<group>"; };
		65F2024518EAF6CA007D42B3 /* SleepyTimeTests.xctest */ = {isa = PBXFileReference; explicitFileType = wrapper.cfbundle; includeInIndex = 0; path = SleepyTimeTests.xctest; sourceTree = BUILT_PRODUCTS_DIR; };
		65F2024618EAF6CA007D42B3 /* XCTest.framework */ = {isa = PBXFileReference; lastKnownFileType = wrapper.framework; name = XCTest.framework; path = Library/Frameworks/XCTest.framework; sourceTree = DEVELOPER_DIR; };
		65F2024E18EAF6CA007D42B3 /* SleepyTimeTests-Info.plist */ = {isa = PBXFileReference; lastKnownFileType = text.plist.xml; path = "SleepyTimeTests-Info.plist"; sourceTree = "<group>"; };
		65F2025018EAF6CA007D42B3 /* en */ = {isa = PBXFileReference; lastKnownFileType = text.plist.strings; name = en; path = en.lproj/InfoPlist.strings; sourceTree = "<group>"; };
		65F2025218EAF6CA007D42B3 /* SleepyTimeTests.m */ = {isa = PBXFileReference; lastKnownFileType = sourcecode.c.objc; path = SleepyTimeTests.m; sourceTree = "<group>"; };
		65FCA98918EF586500B63B04 /* PTRegular.ttf */ = {isa = PBXFileReference; lastKnownFileType = file; path = PTRegular.ttf; sourceTree = "<group>"; };
		65FCA98A18EF586500B63B04 /* PTRegularBold.ttf */ = {isa = PBXFileReference; lastKnownFileType = file; path = PTRegularBold.ttf; sourceTree = "<group>"; };
		65FCA98B18EF586500B63B04 /* PTRegularBoldItalic.ttf */ = {isa = PBXFileReference; lastKnownFileType = file; path = PTRegularBoldItalic.ttf; sourceTree = "<group>"; };
		65FCA98C18EF586500B63B04 /* PTRegularItalic.ttf */ = {isa = PBXFileReference; lastKnownFileType = file; path = PTRegularItalic.ttf; sourceTree = "<group>"; };
/* End PBXFileReference section */

/* Begin PBXFrameworksBuildPhase section */
		65F2022118EAF6CA007D42B3 /* Frameworks */ = {
			isa = PBXFrameworksBuildPhase;
			buildActionMask = 2147483647;
			files = (
				65F2022A18EAF6CA007D42B3 /* CoreGraphics.framework in Frameworks */,
				65F2022C18EAF6CA007D42B3 /* UIKit.framework in Frameworks */,
				65F2022818EAF6CA007D42B3 /* Foundation.framework in Frameworks */,
			);
			runOnlyForDeploymentPostprocessing = 0;
		};
		65F2024218EAF6CA007D42B3 /* Frameworks */ = {
			isa = PBXFrameworksBuildPhase;
			buildActionMask = 2147483647;
			files = (
				65F2024718EAF6CA007D42B3 /* XCTest.framework in Frameworks */,
				65F2024918EAF6CA007D42B3 /* UIKit.framework in Frameworks */,
				65F2024818EAF6CA007D42B3 /* Foundation.framework in Frameworks */,
			);
			runOnlyForDeploymentPostprocessing = 0;
		};
/* End PBXFrameworksBuildPhase section */

/* Begin PBXGroup section */
		6564A2BF18EB1EB1004038FF /* Controllers */ = {
			isa = PBXGroup;
			children = (
				6564A2B618EB13E9004038FF /* STTimeController.h */,
				6564A2B718EB13E9004038FF /* STTimeController.m */,
			);
			name = Controllers;
			sourceTree = "<group>";
		};
		6564A2C118EB1EC0004038FF /* Views */ = {
			isa = PBXGroup;
			children = (
				65F2023C18EAF6CA007D42B3 /* STViewController.h */,
				65F2023D18EAF6CA007D42B3 /* STViewController.m */,
				6564A2B918EB1C7A004038FF /* STCustomTVC.h */,
				6564A2BA18EB1C7A004038FF /* STCustomTVC.m */,
				6564A2C318EB8072004038FF /* STTimeCell.h */,
				6564A2C418EB8072004038FF /* STTimeCell.m */,
			);
			name = Views;
			sourceTree = "<group>";
		};
		6564A2C218EB1EC9004038FF /* Models */ = {
			isa = PBXGroup;
			children = (
				6564A2BC18EB1E9D004038FF /* STTimeModel.h */,
				6564A2BD18EB1E9D004038FF /* STTimeModel.m */,
			);
			name = Models;
			sourceTree = "<group>";
		};
		65F2021B18EAF6CA007D42B3 = {
			isa = PBXGroup;
			children = (
				65F2022D18EAF6CA007D42B3 /* SleepyTime */,
				65F2024C18EAF6CA007D42B3 /* SleepyTimeTests */,
				65F2022618EAF6CA007D42B3 /* Frameworks */,
				65F2022518EAF6CA007D42B3 /* Products */,
			);
			sourceTree = "<group>";
		};
		65F2022518EAF6CA007D42B3 /* Products */ = {
			isa = PBXGroup;
			children = (
				65F2022418EAF6CA007D42B3 /* SleepyTime.app */,
				65F2024518EAF6CA007D42B3 /* SleepyTimeTests.xctest */,
			);
			name = Products;
			sourceTree = "<group>";
		};
		65F2022618EAF6CA007D42B3 /* Frameworks */ = {
			isa = PBXGroup;
			children = (
				65F2022718EAF6CA007D42B3 /* Foundation.framework */,
				65F2022918EAF6CA007D42B3 /* CoreGraphics.framework */,
				65F2022B18EAF6CA007D42B3 /* UIKit.framework */,
				65F2024618EAF6CA007D42B3 /* XCTest.framework */,
			);
			name = Frameworks;
			sourceTree = "<group>";
		};
		65F2022D18EAF6CA007D42B3 /* SleepyTime */ = {
			isa = PBXGroup;
			children = (
				65F2023918EAF6CA007D42B3 /* Main.storyboard */,
				6564A2C218EB1EC9004038FF /* Models */,
				6564A2C118EB1EC0004038FF /* Views */,
				6564A2BF18EB1EB1004038FF /* Controllers */,
				65F2023F18EAF6CA007D42B3 /* Images.xcassets */,
				65F2022E18EAF6CA007D42B3 /* Supporting Files */,
			);
			path = SleepyTime;
			sourceTree = "<group>";
		};
		65F2022E18EAF6CA007D42B3 /* Supporting Files */ = {
			isa = PBXGroup;
			children = (
				65FCA99118EF586A00B63B04 /* PT Sans */,
				65F2023618EAF6CA007D42B3 /* STAppDelegate.h */,
				65F2023718EAF6CA007D42B3 /* STAppDelegate.m */,
				65F2022F18EAF6CA007D42B3 /* SleepyTime-Info.plist */,
				65F2023018EAF6CA007D42B3 /* InfoPlist.strings */,
				65F2023318EAF6CA007D42B3 /* main.m */,
				65F2023518EAF6CA007D42B3 /* SleepyTime-Prefix.pch */,
			);
			name = "Supporting Files";
			sourceTree = "<group>";
		};
		65F2024C18EAF6CA007D42B3 /* SleepyTimeTests */ = {
			isa = PBXGroup;
			children = (
				65F2025218EAF6CA007D42B3 /* SleepyTimeTests.m */,
				65F2024D18EAF6CA007D42B3 /* Supporting Files */,
			);
			path = SleepyTimeTests;
			sourceTree = "<group>";
		};
		65F2024D18EAF6CA007D42B3 /* Supporting Files */ = {
			isa = PBXGroup;
			children = (
				65F2024E18EAF6CA007D42B3 /* SleepyTimeTests-Info.plist */,
				65F2024F18EAF6CA007D42B3 /* InfoPlist.strings */,
			);
			name = "Supporting Files";
			sourceTree = "<group>";
		};
		65FCA99118EF586A00B63B04 /* PT Sans */ = {
			isa = PBXGroup;
			children = (
				65FCA98918EF586500B63B04 /* PTRegular.ttf */,
				65FCA98A18EF586500B63B04 /* PTRegularBold.ttf */,
				65FCA98B18EF586500B63B04 /* PTRegularBoldItalic.ttf */,
				65FCA98C18EF586500B63B04 /* PTRegularItalic.ttf */,
			);
			name = "PT Sans";
			sourceTree = "<group>";
		};
/* End PBXGroup section */

/* Begin PBXNativeTarget section */
		65F2022318EAF6CA007D42B3 /* SleepyTime */ = {
			isa = PBXNativeTarget;
			buildConfigurationList = 65F2025618EAF6CB007D42B3 /* Build configuration list for PBXNativeTarget "SleepyTime" */;
			buildPhases = (
				65F2022018EAF6CA007D42B3 /* Sources */,
				65F2022118EAF6CA007D42B3 /* Frameworks */,
				65F2022218EAF6CA007D42B3 /* Resources */,
			);
			buildRules = (
			);
			dependencies = (
			);
			name = SleepyTime;
			productName = SleepyTime;
			productReference = 65F2022418EAF6CA007D42B3 /* SleepyTime.app */;
			productType = "com.apple.product-type.application";
		};
		65F2024418EAF6CA007D42B3 /* SleepyTimeTests */ = {
			isa = PBXNativeTarget;
			buildConfigurationList = 65F2025918EAF6CB007D42B3 /* Build configuration list for PBXNativeTarget "SleepyTimeTests" */;
			buildPhases = (
				65F2024118EAF6CA007D42B3 /* Sources */,
				65F2024218EAF6CA007D42B3 /* Frameworks */,
				65F2024318EAF6CA007D42B3 /* Resources */,
			);
			buildRules = (
			);
			dependencies = (
				65F2024B18EAF6CA007D42B3 /* PBXTargetDependency */,
			);
			name = SleepyTimeTests;
			productName = SleepyTimeTests;
			productReference = 65F2024518EAF6CA007D42B3 /* SleepyTimeTests.xctest */;
			productType = "com.apple.product-type.bundle.unit-test";
		};
/* End PBXNativeTarget section */

/* Begin PBXProject section */
		65F2021C18EAF6CA007D42B3 /* Project object */ = {
			isa = PBXProject;
			attributes = {
				CLASSPREFIX = ST;
				LastUpgradeCheck = 0510;
				ORGANIZATIONNAME = Blancotech;
				TargetAttributes = {
					65F2024418EAF6CA007D42B3 = {
						TestTargetID = 65F2022318EAF6CA007D42B3;
					};
				};
			};
			buildConfigurationList = 65F2021F18EAF6CA007D42B3 /* Build configuration list for PBXProject "SleepyTime" */;
			compatibilityVersion = "Xcode 3.2";
			developmentRegion = English;
			hasScannedForEncodings = 0;
			knownRegions = (
				en,
				Base,
			);
			mainGroup = 65F2021B18EAF6CA007D42B3;
			productRefGroup = 65F2022518EAF6CA007D42B3 /* Products */;
			projectDirPath = "";
			projectRoot = "";
			targets = (
				65F2022318EAF6CA007D42B3 /* SleepyTime */,
				65F2024418EAF6CA007D42B3 /* SleepyTimeTests */,
			);
		};
/* End PBXProject section */

/* Begin PBXResourcesBuildPhase section */
		65F2022218EAF6CA007D42B3 /* Resources */ = {
			isa = PBXResourcesBuildPhase;
			buildActionMask = 2147483647;
			files = (
				65F2024018EAF6CA007D42B3 /* Images.xcassets in Resources */,
				65FCA98E18EF586500B63B04 /* PTRegularBold.ttf in Resources */,
				65FCA98F18EF586500B63B04 /* PTRegularBoldItalic.ttf in Resources */,
				65F2023218EAF6CA007D42B3 /* InfoPlist.strings in Resources */,
				65F2023B18EAF6CA007D42B3 /* Main.storyboard in Resources */,
				65FCA98D18EF586500B63B04 /* PTRegular.ttf in Resources */,
				65FCA99018EF586500B63B04 /* PTRegularItalic.ttf in Resources */,
			);
			runOnlyForDeploymentPostprocessing = 0;
		};
		65F2024318EAF6CA007D42B3 /* Resources */ = {
			isa = PBXResourcesBuildPhase;
			buildActionMask = 2147483647;
			files = (
				65F2025118EAF6CA007D42B3 /* InfoPlist.strings in Resources */,
			);
			runOnlyForDeploymentPostprocessing = 0;
		};
/* End PBXResourcesBuildPhase section */

/* Begin PBXSourcesBuildPhase section */
		65F2022018EAF6CA007D42B3 /* Sources */ = {
			isa = PBXSourcesBuildPhase;
			buildActionMask = 2147483647;
			files = (
				65F2023E18EAF6CA007D42B3 /* STViewController.m in Sources */,
				6564A2BE18EB1E9D004038FF /* STTimeModel.m in Sources */,
				65F2023418EAF6CA007D42B3 /* main.m in Sources */,
				6564A2BB18EB1C7A004038FF /* STCustomTVC.m in Sources */,
				6564A2C518EB8072004038FF /* STTimeCell.m in Sources */,
				65F2023818EAF6CA007D42B3 /* STAppDelegate.m in Sources */,
				6564A2B818EB13E9004038FF /* STTimeController.m in Sources */,
			);
			runOnlyForDeploymentPostprocessing = 0;
		};
		65F2024118EAF6CA007D42B3 /* Sources */ = {
			isa = PBXSourcesBuildPhase;
			buildActionMask = 2147483647;
			files = (
				65F2025318EAF6CA007D42B3 /* SleepyTimeTests.m in Sources */,
			);
			runOnlyForDeploymentPostprocessing = 0;
		};
/* End PBXSourcesBuildPhase section */

/* Begin PBXTargetDependency section */
		65F2024B18EAF6CA007D42B3 /* PBXTargetDependency */ = {
			isa = PBXTargetDependency;
			target = 65F2022318EAF6CA007D42B3 /* SleepyTime */;
			targetProxy = 65F2024A18EAF6CA007D42B3 /* PBXContainerItemProxy */;
		};
/* End PBXTargetDependency section */

/* Begin PBXVariantGroup section */
		65F2023018EAF6CA007D42B3 /* InfoPlist.strings */ = {
			isa = PBXVariantGroup;
			children = (
				65F2023118EAF6CA007D42B3 /* en */,
			);
			name = InfoPlist.strings;
			sourceTree = "<group>";
		};
		65F2023918EAF6CA007D42B3 /* Main.storyboard */ = {
			isa = PBXVariantGroup;
			children = (
				65F2023A18EAF6CA007D42B3 /* Base */,
			);
			name = Main.storyboard;
			sourceTree = "<group>";
		};
		65F2024F18EAF6CA007D42B3 /* InfoPlist.strings */ = {
			isa = PBXVariantGroup;
			children = (
				65F2025018EAF6CA007D42B3 /* en */,
			);
			name = InfoPlist.strings;
			sourceTree = "<group>";
		};
/* End PBXVariantGroup section */

/* Begin XCBuildConfiguration section */
		65F2025418EAF6CB007D42B3 /* Debug */ = {
			isa = XCBuildConfiguration;
			buildSettings = {
				ALWAYS_SEARCH_USER_PATHS = NO;
				CLANG_CXX_LANGUAGE_STANDARD = "gnu++0x";
				CLANG_CXX_LIBRARY = "libc++";
				CLANG_ENABLE_MODULES = YES;
				CLANG_ENABLE_OBJC_ARC = YES;
				CLANG_WARN_BOOL_CONVERSION = YES;
				CLANG_WARN_CONSTANT_CONVERSION = YES;
				CLANG_WARN_DIRECT_OBJC_ISA_USAGE = YES_ERROR;
				CLANG_WARN_EMPTY_BODY = YES;
				CLANG_WARN_ENUM_CONVERSION = YES;
				CLANG_WARN_INT_CONVERSION = YES;
				CLANG_WARN_OBJC_ROOT_CLASS = YES_ERROR;
				CLANG_WARN__DUPLICATE_METHOD_MATCH = YES;
				"CODE_SIGN_IDENTITY[sdk=iphoneos*]" = "iPhone Developer";
				COPY_PHASE_STRIP = NO;
				GCC_C_LANGUAGE_STANDARD = gnu99;
				GCC_DYNAMIC_NO_PIC = NO;
				GCC_OPTIMIZATION_LEVEL = 0;
				GCC_PREPROCESSOR_DEFINITIONS = (
					"DEBUG=1",
					"$(inherited)",
				);
				GCC_SYMBOLS_PRIVATE_EXTERN = NO;
				GCC_WARN_64_TO_32_BIT_CONVERSION = YES;
				GCC_WARN_ABOUT_RETURN_TYPE = YES_ERROR;
				GCC_WARN_UNDECLARED_SELECTOR = YES;
				GCC_WARN_UNINITIALIZED_AUTOS = YES_AGGRESSIVE;
				GCC_WARN_UNUSED_FUNCTION = YES;
				GCC_WARN_UNUSED_VARIABLE = YES;
				IPHONEOS_DEPLOYMENT_TARGET = 7.1;
				ONLY_ACTIVE_ARCH = YES;
				SDKROOT = iphoneos;
			};
			name = Debug;
		};
		65F2025518EAF6CB007D42B3 /* Release */ = {
			isa = XCBuildConfiguration;
			buildSettings = {
				ALWAYS_SEARCH_USER_PATHS = NO;
				CLANG_CXX_LANGUAGE_STANDARD = "gnu++0x";
				CLANG_CXX_LIBRARY = "libc++";
				CLANG_ENABLE_MODULES = YES;
				CLANG_ENABLE_OBJC_ARC = YES;
				CLANG_WARN_BOOL_CONVERSION = YES;
				CLANG_WARN_CONSTANT_CONVERSION = YES;
				CLANG_WARN_DIRECT_OBJC_ISA_USAGE = YES_ERROR;
				CLANG_WARN_EMPTY_BODY = YES;
				CLANG_WARN_ENUM_CONVERSION = YES;
				CLANG_WARN_INT_CONVERSION = YES;
				CLANG_WARN_OBJC_ROOT_CLASS = YES_ERROR;
				CLANG_WARN__DUPLICATE_METHOD_MATCH = YES;
				"CODE_SIGN_IDENTITY[sdk=iphoneos*]" = "iPhone Developer";
				COPY_PHASE_STRIP = YES;
				ENABLE_NS_ASSERTIONS = NO;
				GCC_C_LANGUAGE_STANDARD = gnu99;
				GCC_WARN_64_TO_32_BIT_CONVERSION = YES;
				GCC_WARN_ABOUT_RETURN_TYPE = YES_ERROR;
				GCC_WARN_UNDECLARED_SELECTOR = YES;
				GCC_WARN_UNINITIALIZED_AUTOS = YES_AGGRESSIVE;
				GCC_WARN_UNUSED_FUNCTION = YES;
				GCC_WARN_UNUSED_VARIABLE = YES;
				IPHONEOS_DEPLOYMENT_TARGET = 7.1;
				SDKROOT = iphoneos;
				VALIDATE_PRODUCT = YES;
			};
			name = Release;
		};
		65F2025718EAF6CB007D42B3 /* Debug */ = {
			isa = XCBuildConfiguration;
			buildSettings = {
				ASSETCATALOG_COMPILER_APPICON_NAME = AppIcon;
				ASSETCATALOG_COMPILER_LAUNCHIMAGE_NAME = LaunchImage;
				GCC_PRECOMPILE_PREFIX_HEADER = YES;
				GCC_PREFIX_HEADER = "SleepyTime/SleepyTime-Prefix.pch";
				INFOPLIST_FILE = "SleepyTime/SleepyTime-Info.plist";
				PRODUCT_NAME = "$(TARGET_NAME)";
				WRAPPER_EXTENSION = app;
			};
			name = Debug;
		};
		65F2025818EAF6CB007D42B3 /* Release */ = {
			isa = XCBuildConfiguration;
			buildSettings = {
				ASSETCATALOG_COMPILER_APPICON_NAME = AppIcon;
				ASSETCATALOG_COMPILER_LAUNCHIMAGE_NAME = LaunchImage;
				GCC_PRECOMPILE_PREFIX_HEADER = YES;
				GCC_PREFIX_HEADER = "SleepyTime/SleepyTime-Prefix.pch";
				INFOPLIST_FILE = "SleepyTime/SleepyTime-Info.plist";
				PRODUCT_NAME = "$(TARGET_NAME)";
				WRAPPER_EXTENSION = app;
			};
			name = Release;
		};
		65F2025A18EAF6CB007D42B3 /* Debug */ = {
			isa = XCBuildConfiguration;
			buildSettings = {
				BUNDLE_LOADER = "$(BUILT_PRODUCTS_DIR)/SleepyTime.app/SleepyTime";
				FRAMEWORK_SEARCH_PATHS = (
					"$(SDKROOT)/Developer/Library/Frameworks",
					"$(inherited)",
					"$(DEVELOPER_FRAMEWORKS_DIR)",
				);
				GCC_PRECOMPILE_PREFIX_HEADER = YES;
				GCC_PREFIX_HEADER = "SleepyTime/SleepyTime-Prefix.pch";
				GCC_PREPROCESSOR_DEFINITIONS = (
					"DEBUG=1",
					"$(inherited)",
				);
				INFOPLIST_FILE = "SleepyTimeTests/SleepyTimeTests-Info.plist";
				PRODUCT_NAME = "$(TARGET_NAME)";
				TEST_HOST = "$(BUNDLE_LOADER)";
				WRAPPER_EXTENSION = xctest;
			};
			name = Debug;
		};
		65F2025B18EAF6CB007D42B3 /* Release */ = {
			isa = XCBuildConfiguration;
			buildSettings = {
				BUNDLE_LOADER = "$(BUILT_PRODUCTS_DIR)/SleepyTime.app/SleepyTime";
				FRAMEWORK_SEARCH_PATHS = (
					"$(SDKROOT)/Developer/Library/Frameworks",
					"$(inherited)",
					"$(DEVELOPER_FRAMEWORKS_DIR)",
				);
				GCC_PRECOMPILE_PREFIX_HEADER = YES;
				GCC_PREFIX_HEADER = "SleepyTime/SleepyTime-Prefix.pch";
				INFOPLIST_FILE = "SleepyTimeTests/SleepyTimeTests-Info.plist";
				PRODUCT_NAME = "$(TARGET_NAME)";
				TEST_HOST = "$(BUNDLE_LOADER)";
				WRAPPER_EXTENSION = xctest;
			};
			name = Release;
		};
/* End XCBuildConfiguration section */

/* Begin XCConfigurationList section */
		65F2021F18EAF6CA007D42B3 /* Build configuration list for PBXProject "SleepyTime" */ = {
			isa = XCConfigurationList;
			buildConfigurations = (
				65F2025418EAF6CB007D42B3 /* Debug */,
				65F2025518EAF6CB007D42B3 /* Release */,
			);
			defaultConfigurationIsVisible = 0;
			defaultConfigurationName = Release;
		};
		65F2025618EAF6CB007D42B3 /* Build configuration list for PBXNativeTarget "SleepyTime" */ = {
			isa = XCConfigurationList;
			buildConfigurations = (
				65F2025718EAF6CB007D42B3 /* Debug */,
				65F2025818EAF6CB007D42B3 /* Release */,
			);
			defaultConfigurationIsVisible = 0;
			defaultConfigurationName = Release;
		};
		65F2025918EAF6CB007D42B3 /* Build configuration list for PBXNativeTarget "SleepyTimeTests" */ = {
			isa = XCConfigurationList;
			buildConfigurations = (
				65F2025A18EAF6CB007D42B3 /* Debug */,
				65F2025B18EAF6CB007D42B3 /* Release */,
			);
			defaultConfigurationIsVisible = 0;
			defaultConfigurationName = Release;
		};
/* End XCConfigurationList section */
	};
	rootObject = 65F2021C18EAF6CA007D42B3 /* Project object */;
}
